
Microsoft Visual Studio Solution File, Format Version 12.00
# Visual Studio Version 17
VisualStudioVersion = 17.4.33103.184
MinimumVisualStudioVersion = 10.0.40219.1
Project("{FAE04EC0-301F-11D3-BF4B-00C04F79EFBC}") = "Practika1", "Practika1\Practika1.csproj", "{0F8D40B8-861F-4382-ACEA-83179097C5D7}"
EndProject
Global
	GlobalSection(SolutionConfigurationPlatforms) = preSolution
		Debug|Any CPU = Debug|Any CPU
		Release|Any CPU = Release|Any CPU
	EndGlobalSection
	GlobalSection(ProjectConfigurationPlatforms) = postSolution
		{0F8D40B8-861F-4382-ACEA-83179097C5D7}.Debug|Any CPU.ActiveCfg = Debug|Any CPU
		{0F8D40B8-861F-4382-ACEA-83179097C5D7}.Debug|Any CPU.Build.0 = Debug|Any CPU
		{0F8D40B8-861F-4382-ACEA-83179097C5D7}.Release|Any CPU.ActiveCfg = Release|Any CPU
		{0F8D40B8-861F-4382-ACEA-83179097C5D7}.Release|Any CPU.Build.0 = Release|Any CPU
	EndGlobalSection
	GlobalSection(SolutionProperties) = preSolution
		HideSolutionNode = FALSE
	EndGlobalSection
	GlobalSection(ExtensibilityGlobals) = postSolution
		SolutionGuid = {8F2DFA0F-1439-4C5A-94EA-2DC7A4C84405}
	EndGlobalSection
EndGlobal
